k8s.io/api v0.31.0/go.mod h1:0YiFF+JfFxMM6+1hQei8FY8M7s1Mth+z/q7eF1aJkTE=
k8s.io/apimachinery v0.31.0/go.mod h1:rsPdaZJfTfLsNJSQzNHQvYoTmxhoOEofxtOsF3rtsMo=
k8s.io/client-go v0.31.0/go.mod h1:Y9wvC76g4fLjmU0BA+rV+h2cncoadjvjjkkIGoTLcGU=
sigs.k8s.io/controller-runtime v0.19.0/go.mod h1:iRmWllt8IlaLjvTTDLhRBXIEtkCK6hwVBJJsYS9Ajf4=
