{{- $versions := .Values.istio.internal.operatorVersionsToInstall }}
{{- if not (and (eq (len $versions) 1) (eq (first $versions) "1.25")) }}
  {{- range $version := .Values.istio.internal.operatorVersionsToInstall }}
    {{- $versionInfo := get $.Values.istio.internal.versionMap $version }}
    {{- $revision := get $versionInfo "revision" }}
---
apiVersion: v1
kind: ConfigMap
metadata:
  name: istio-operator-lock-{{ $revision }}
  namespace: d8-istio
  {{- include "helm_lib_module_labels" (list $ (dict "app" "operator" "revision" $revision)) | nindent 2 }}
  {{- end }}
{{- end }}
