github.com/google/go-cmp v0.5.8 h1:e6P7q2lk1O+qJJb4BtCQXlK8vWEO8V1ZeuEdJNOqZyg=
github.com/prometheus/procfs v0.8.0 h1:ODq8ZFEaYeCaZOJlZZdJA2AbQR98dSHSM1KW/You5mo=
github.com/prometheus/procfs v0.8.0/go.mod h1:z7EfXMXOkbkqb9IINtpCn86r/to3BnA0uaxHdg830/4=
golang.org/x/sys v0.0.0-20220520151302-bc2c85ada10a h1:dGzPydgVsqGcTRVwiLJ1jVbufYwmzD3LfVPLKsKg+0k=
golang.org/x/sys v0.0.0-20220520151302-bc2c85ada10a/go.mod h1:oPkhp1MJrh7nUepCBck5+mAzfO9JrbApNNgaTdGDITg=
